
Microsoft Visual Studio Solution File, Format Version 12.00
# Visual Studio Version 16
VisualStudioVersion = 16.0.30611.23
MinimumVisualStudioVersion = 10.0.40219.1
Project("{FAE04EC0-301F-11D3-BF4B-00C04F79EFBC}") = "EdhesiveAggregator", "EdhesiveAggregator.csproj", "{F8B9B3E7-5A0E-491D-84D8-2441F276FD36}"
EndProject
Global
	GlobalSection(SolutionConfigurationPlatforms) = preSolution
		Debug|Any CPU = Debug|Any CPU
		Release|Any CPU = Release|Any CPU
	EndGlobalSection
	GlobalSection(ProjectConfigurationPlatforms) = postSolution
		{F8B9B3E7-5A0E-491D-84D8-2441F276FD36}.Debug|Any CPU.ActiveCfg = Debug|Any CPU
		{F8B9B3E7-5A0E-491D-84D8-2441F276FD36}.Debug|Any CPU.Build.0 = Debug|Any CPU
		{F8B9B3E7-5A0E-491D-84D8-2441F276FD36}.Release|Any CPU.ActiveCfg = Release|Any CPU
		{F8B9B3E7-5A0E-491D-84D8-2441F276FD36}.Release|Any CPU.Build.0 = Release|Any CPU
	EndGlobalSection
	GlobalSection(SolutionProperties) = preSolution
		HideSolutionNode = FALSE
	EndGlobalSection
	GlobalSection(ExtensibilityGlobals) = postSolution
		SolutionGuid = {CB979E96-D393-4815-AFF9-8353FEA90C85}
	EndGlobalSection
EndGlobal
